
Microsoft Visual Studio Solution File, Format Version 12.00
# Visual Studio Version 16
VisualStudioVersion = 16.0.29318.209
MinimumVisualStudioVersion = 10.0.40219.1
Project("{FAE04EC0-301F-11D3-BF4B-00C04F79EFBC}") = "GabrielMatosevicDialogResult", "GabrielMatosevicDialogResult\GabrielMatosevicDialogResult.csproj", "{D3984641-EF16-4583-84F5-042635990719}"
EndProject
Global
	GlobalSection(SolutionConfigurationPlatforms) = preSolution
		Debug|Any CPU = Debug|Any CPU
		Release|Any CPU = Release|Any CPU
	EndGlobalSection
	GlobalSection(ProjectConfigurationPlatforms) = postSolution
		{D3984641-EF16-4583-84F5-042635990719}.Debug|Any CPU.ActiveCfg = Debug|Any CPU
		{D3984641-EF16-4583-84F5-042635990719}.Debug|Any CPU.Build.0 = Debug|Any CPU
		{D3984641-EF16-4583-84F5-042635990719}.Release|Any CPU.ActiveCfg = Release|Any CPU
		{D3984641-EF16-4583-84F5-042635990719}.Release|Any CPU.Build.0 = Release|Any CPU
	EndGlobalSection
	GlobalSection(SolutionProperties) = preSolution
		HideSolutionNode = FALSE
	EndGlobalSection
	GlobalSection(ExtensibilityGlobals) = postSolution
		SolutionGuid = {04D59765-CC0D-47DF-B23C-50F7F590515E}
	EndGlobalSection
EndGlobal
